
Microsoft Visual Studio Solution File, Format Version 12.00
# Visual Studio 2013
VisualStudioVersion = 12.0.40629.0
MinimumVisualStudioVersion = 10.0.40219.1
Project("{FAE04EC0-301F-11D3-BF4B-00C04F79EFBC}") = "EFConsole", "EFConsole\EFConsole.csproj", "{A12766AE-1051-47D6-A161-19A9660BEE85}"
EndProject
Project("{FAE04EC0-301F-11D3-BF4B-00C04F79EFBC}") = "ConsoleApplication1", "ConsoleApplication1\ConsoleApplication1.csproj", "{8894F45C-D635-4605-8F3C-0127FB0E6449}"
EndProject
Project("{FAE04EC0-301F-11D3-BF4B-00C04F79EFBC}") = "ConsoleApplication2", "ConsoleApplication2\ConsoleApplication2.csproj", "{A9CAEC3C-203B-4124-8909-1D7FD362BD76}"
EndProject
Project("{FAE04EC0-301F-11D3-BF4B-00C04F79EFBC}") = "EFPOCOGen", "EFPOCOGen\EFPOCOGen.csproj", "{F50E92EE-80F4-4823-BC80-D4790F423E42}"
EndProject
Global
	GlobalSection(SolutionConfigurationPlatforms) = preSolution
		Debug|Any CPU = Debug|Any CPU
		Release|Any CPU = Release|Any CPU
	EndGlobalSection
	GlobalSection(ProjectConfigurationPlatforms) = postSolution
		{A12766AE-1051-47D6-A161-19A9660BEE85}.Debug|Any CPU.ActiveCfg = Debug|Any CPU
		{A12766AE-1051-47D6-A161-19A9660BEE85}.Debug|Any CPU.Build.0 = Debug|Any CPU
		{A12766AE-1051-47D6-A161-19A9660BEE85}.Release|Any CPU.ActiveCfg = Release|Any CPU
		{A12766AE-1051-47D6-A161-19A9660BEE85}.Release|Any CPU.Build.0 = Release|Any CPU
		{8894F45C-D635-4605-8F3C-0127FB0E6449}.Debug|Any CPU.ActiveCfg = Debug|Any CPU
		{8894F45C-D635-4605-8F3C-0127FB0E6449}.Debug|Any CPU.Build.0 = Debug|Any CPU
		{8894F45C-D635-4605-8F3C-0127FB0E6449}.Release|Any CPU.ActiveCfg = Release|Any CPU
		{8894F45C-D635-4605-8F3C-0127FB0E6449}.Release|Any CPU.Build.0 = Release|Any CPU
		{A9CAEC3C-203B-4124-8909-1D7FD362BD76}.Debug|Any CPU.ActiveCfg = Debug|Any CPU
		{A9CAEC3C-203B-4124-8909-1D7FD362BD76}.Debug|Any CPU.Build.0 = Debug|Any CPU
		{A9CAEC3C-203B-4124-8909-1D7FD362BD76}.Release|Any CPU.ActiveCfg = Release|Any CPU
		{A9CAEC3C-203B-4124-8909-1D7FD362BD76}.Release|Any CPU.Build.0 = Release|Any CPU
		{F50E92EE-80F4-4823-BC80-D4790F423E42}.Debug|Any CPU.ActiveCfg = Debug|Any CPU
		{F50E92EE-80F4-4823-BC80-D4790F423E42}.Debug|Any CPU.Build.0 = Debug|Any CPU
		{F50E92EE-80F4-4823-BC80-D4790F423E42}.Release|Any CPU.ActiveCfg = Release|Any CPU
		{F50E92EE-80F4-4823-BC80-D4790F423E42}.Release|Any CPU.Build.0 = Release|Any CPU
	EndGlobalSection
	GlobalSection(SolutionProperties) = preSolution
		HideSolutionNode = FALSE
	EndGlobalSection
EndGlobal
